
Microsoft Visual Studio Solution File, Format Version 12.00
# Visual Studio Version 16
VisualStudioVersion = 16.0.29806.167
MinimumVisualStudioVersion = 10.0.40219.1
Project("{FAE04EC0-301F-11D3-BF4B-00C04F79EFBC}") = "YoutubeService", "YoutubeService\YoutubeService.csproj", "{3E21C885-9FD1-40D3-AAB6-AF8E8F37503A}"
EndProject
Global
	GlobalSection(SolutionConfigurationPlatforms) = preSolution
		Debug|Any CPU = Debug|Any CPU
		Release|Any CPU = Release|Any CPU
	EndGlobalSection
	GlobalSection(ProjectConfigurationPlatforms) = postSolution
		{3E21C885-9FD1-40D3-AAB6-AF8E8F37503A}.Debug|Any CPU.ActiveCfg = Debug|Any CPU
		{3E21C885-9FD1-40D3-AAB6-AF8E8F37503A}.Debug|Any CPU.Build.0 = Debug|Any CPU
		{3E21C885-9FD1-40D3-AAB6-AF8E8F37503A}.Release|Any CPU.ActiveCfg = Release|Any CPU
		{3E21C885-9FD1-40D3-AAB6-AF8E8F37503A}.Release|Any CPU.Build.0 = Release|Any CPU
	EndGlobalSection
	GlobalSection(SolutionProperties) = preSolution
		HideSolutionNode = FALSE
	EndGlobalSection
	GlobalSection(ExtensibilityGlobals) = postSolution
		SolutionGuid = {2AC0E041-B86A-4036-93D6-5F54A40BA6BC}
	EndGlobalSection
EndGlobal
